
Microsoft Visual Studio Solution File, Format Version 12.00
# Visual Studio Version 16
VisualStudioVersion = 16.0.29025.244
MinimumVisualStudioVersion = 10.0.40219.1
Project("{9A19103F-16F7-4668-BE54-9A1E7A4F7556}") = "KoARSaveItemEditor", "KoARSaveItemEditor\KoARSaveItemEditor.csproj", "{4BAF838E-FC53-4804-877C-5606846FEFF4}"
EndProject
Project("{9A19103F-16F7-4668-BE54-9A1E7A4F7556}") = "KoAR.Core", "KoAR.Core\KoAR.Core.csproj", "{F204356A-6213-4B0C-A35C-03DA5CE5AC21}"
EndProject
Global
	GlobalSection(SolutionConfigurationPlatforms) = preSolution
		Debug|Any CPU = Debug|Any CPU
		Debug|Mixed Platforms = Debug|Mixed Platforms
		Debug|x86 = Debug|x86
		Release|Any CPU = Release|Any CPU
		Release|Mixed Platforms = Release|Mixed Platforms
		Release|x86 = Release|x86
	EndGlobalSection
	GlobalSection(ProjectConfigurationPlatforms) = postSolution
		{4BAF838E-FC53-4804-877C-5606846FEFF4}.Debug|Any CPU.ActiveCfg = Debug|Any CPU
		{4BAF838E-FC53-4804-877C-5606846FEFF4}.Debug|Any CPU.Build.0 = Debug|Any CPU
		{4BAF838E-FC53-4804-877C-5606846FEFF4}.Debug|Mixed Platforms.ActiveCfg = Debug|Any CPU
		{4BAF838E-FC53-4804-877C-5606846FEFF4}.Debug|Mixed Platforms.Build.0 = Debug|Any CPU
		{4BAF838E-FC53-4804-877C-5606846FEFF4}.Debug|x86.ActiveCfg = Debug|Any CPU
		{4BAF838E-FC53-4804-877C-5606846FEFF4}.Debug|x86.Build.0 = Debug|Any CPU
		{4BAF838E-FC53-4804-877C-5606846FEFF4}.Release|Any CPU.ActiveCfg = Release|Any CPU
		{4BAF838E-FC53-4804-877C-5606846FEFF4}.Release|Any CPU.Build.0 = Release|Any CPU
		{4BAF838E-FC53-4804-877C-5606846FEFF4}.Release|Mixed Platforms.ActiveCfg = Release|Any CPU
		{4BAF838E-FC53-4804-877C-5606846FEFF4}.Release|Mixed Platforms.Build.0 = Release|Any CPU
		{4BAF838E-FC53-4804-877C-5606846FEFF4}.Release|x86.ActiveCfg = Release|Any CPU
		{4BAF838E-FC53-4804-877C-5606846FEFF4}.Release|x86.Build.0 = Release|Any CPU
		{F204356A-6213-4B0C-A35C-03DA5CE5AC21}.Debug|Any CPU.ActiveCfg = Debug|Any CPU
		{F204356A-6213-4B0C-A35C-03DA5CE5AC21}.Debug|Any CPU.Build.0 = Debug|Any CPU
		{F204356A-6213-4B0C-A35C-03DA5CE5AC21}.Debug|Mixed Platforms.ActiveCfg = Debug|Any CPU
		{F204356A-6213-4B0C-A35C-03DA5CE5AC21}.Debug|Mixed Platforms.Build.0 = Debug|Any CPU
		{F204356A-6213-4B0C-A35C-03DA5CE5AC21}.Debug|x86.ActiveCfg = Debug|Any CPU
		{F204356A-6213-4B0C-A35C-03DA5CE5AC21}.Debug|x86.Build.0 = Debug|Any CPU
		{F204356A-6213-4B0C-A35C-03DA5CE5AC21}.Release|Any CPU.ActiveCfg = Release|Any CPU
		{F204356A-6213-4B0C-A35C-03DA5CE5AC21}.Release|Any CPU.Build.0 = Release|Any CPU
		{F204356A-6213-4B0C-A35C-03DA5CE5AC21}.Release|Mixed Platforms.ActiveCfg = Release|Any CPU
		{F204356A-6213-4B0C-A35C-03DA5CE5AC21}.Release|Mixed Platforms.Build.0 = Release|Any CPU
		{F204356A-6213-4B0C-A35C-03DA5CE5AC21}.Release|x86.ActiveCfg = Release|Any CPU
		{F204356A-6213-4B0C-A35C-03DA5CE5AC21}.Release|x86.Build.0 = Release|Any CPU
	EndGlobalSection
	GlobalSection(SolutionProperties) = preSolution
		HideSolutionNode = FALSE
	EndGlobalSection
	GlobalSection(ExtensibilityGlobals) = postSolution
		SolutionGuid = {B85BA53A-4012-46CE-AAA3-016E316A14B9}
	EndGlobalSection
EndGlobal
